
Microsoft Visual Studio Solution File, Format Version 12.00
# Visual Studio Version 17
VisualStudioVersion = 17.1.32407.343
MinimumVisualStudioVersion = 10.0.40219.1
Project("{FAE04EC0-301F-11D3-BF4B-00C04F79EFBC}") = "QualitaCorpWeb", "QualitaCorpWeb.csproj", "{0D426E9B-CA2A-4C68-B7BB-8AEE4073B0F2}"
EndProject
Project("{2150E333-8FDC-42A3-9474-1A3956D46DE8}") = "Entities", "Entities", "{4374D1C9-8390-4EF8-97C5-15A6E933F6C2}"
EndProject
Project("{2150E333-8FDC-42A3-9474-1A3956D46DE8}") = "Repository", "Repository", "{FBBFA9E9-8E8D-4210-86F9-8A103CC7673F}"
EndProject
Project("{FAE04EC0-301F-11D3-BF4B-00C04F79EFBC}") = "QualitaCoprWeb.Repository", "..\QualitaCoprWeb.Repository\QualitaCoprWeb.Repository.csproj", "{0E4A6BA2-BC52-43E6-96E7-0556B635F08C}"
EndProject
Project("{FAE04EC0-301F-11D3-BF4B-00C04F79EFBC}") = "QualitaCorpWeb.Repository.Contracts", "..\QualitaCorpWeb.Repository.Contracts\QualitaCorpWeb.Repository.Contracts.csproj", "{33CF0DF2-E709-4D4C-9518-7CE9D6CE1A60}"
EndProject
Project("{FAE04EC0-301F-11D3-BF4B-00C04F79EFBC}") = "QualitaCorpWeb.Entities", "..\QualitaCorpWeb.Entities\QualitaCorpWeb.Entities.csproj", "{20BA5D18-80E8-43D1-A4CE-6437DEE048E6}"
EndProject
Project("{2150E333-8FDC-42A3-9474-1A3956D46DE8}") = "Application", "Application", "{4EC59567-1C72-4003-8F1A-BE4A417E28AE}"
EndProject
Project("{FAE04EC0-301F-11D3-BF4B-00C04F79EFBC}") = "QualitaCorpWeb.Application", "..\QualitaCorpWeb.Application\QualitaCorpWeb.Application.csproj", "{0EC91812-F608-42CF-BE88-205BA0613BD1}"
EndProject
Project("{FAE04EC0-301F-11D3-BF4B-00C04F79EFBC}") = "QualitaCorpWeb.Application.Contracts", "..\QualitaCorpWeb.Application.Contracts\QualitaCorpWeb.Application.Contracts.csproj", "{81473BD2-4BE2-4EA1-BA67-8128A2D36BA3}"
EndProject
Global
	GlobalSection(SolutionConfigurationPlatforms) = preSolution
		Debug|Any CPU = Debug|Any CPU
		Release|Any CPU = Release|Any CPU
	EndGlobalSection
	GlobalSection(ProjectConfigurationPlatforms) = postSolution
		{0D426E9B-CA2A-4C68-B7BB-8AEE4073B0F2}.Debug|Any CPU.ActiveCfg = Debug|Any CPU
		{0D426E9B-CA2A-4C68-B7BB-8AEE4073B0F2}.Debug|Any CPU.Build.0 = Debug|Any CPU
		{0D426E9B-CA2A-4C68-B7BB-8AEE4073B0F2}.Release|Any CPU.ActiveCfg = Release|Any CPU
		{0D426E9B-CA2A-4C68-B7BB-8AEE4073B0F2}.Release|Any CPU.Build.0 = Release|Any CPU
		{0E4A6BA2-BC52-43E6-96E7-0556B635F08C}.Debug|Any CPU.ActiveCfg = Debug|Any CPU
		{0E4A6BA2-BC52-43E6-96E7-0556B635F08C}.Debug|Any CPU.Build.0 = Debug|Any CPU
		{0E4A6BA2-BC52-43E6-96E7-0556B635F08C}.Release|Any CPU.ActiveCfg = Release|Any CPU
		{0E4A6BA2-BC52-43E6-96E7-0556B635F08C}.Release|Any CPU.Build.0 = Release|Any CPU
		{33CF0DF2-E709-4D4C-9518-7CE9D6CE1A60}.Debug|Any CPU.ActiveCfg = Debug|Any CPU
		{33CF0DF2-E709-4D4C-9518-7CE9D6CE1A60}.Debug|Any CPU.Build.0 = Debug|Any CPU
		{33CF0DF2-E709-4D4C-9518-7CE9D6CE1A60}.Release|Any CPU.ActiveCfg = Release|Any CPU
		{33CF0DF2-E709-4D4C-9518-7CE9D6CE1A60}.Release|Any CPU.Build.0 = Release|Any CPU
		{20BA5D18-80E8-43D1-A4CE-6437DEE048E6}.Debug|Any CPU.ActiveCfg = Debug|Any CPU
		{20BA5D18-80E8-43D1-A4CE-6437DEE048E6}.Debug|Any CPU.Build.0 = Debug|Any CPU
		{20BA5D18-80E8-43D1-A4CE-6437DEE048E6}.Release|Any CPU.ActiveCfg = Release|Any CPU
		{20BA5D18-80E8-43D1-A4CE-6437DEE048E6}.Release|Any CPU.Build.0 = Release|Any CPU
		{0EC91812-F608-42CF-BE88-205BA0613BD1}.Debug|Any CPU.ActiveCfg = Debug|Any CPU
		{0EC91812-F608-42CF-BE88-205BA0613BD1}.Debug|Any CPU.Build.0 = Debug|Any CPU
		{0EC91812-F608-42CF-BE88-205BA0613BD1}.Release|Any CPU.ActiveCfg = Release|Any CPU
		{0EC91812-F608-42CF-BE88-205BA0613BD1}.Release|Any CPU.Build.0 = Release|Any CPU
		{81473BD2-4BE2-4EA1-BA67-8128A2D36BA3}.Debug|Any CPU.ActiveCfg = Debug|Any CPU
		{81473BD2-4BE2-4EA1-BA67-8128A2D36BA3}.Debug|Any CPU.Build.0 = Debug|Any CPU
		{81473BD2-4BE2-4EA1-BA67-8128A2D36BA3}.Release|Any CPU.ActiveCfg = Release|Any CPU
		{81473BD2-4BE2-4EA1-BA67-8128A2D36BA3}.Release|Any CPU.Build.0 = Release|Any CPU
	EndGlobalSection
	GlobalSection(SolutionProperties) = preSolution
		HideSolutionNode = FALSE
	EndGlobalSection
	GlobalSection(NestedProjects) = preSolution
		{0D426E9B-CA2A-4C68-B7BB-8AEE4073B0F2} = {4EC59567-1C72-4003-8F1A-BE4A417E28AE}
		{0E4A6BA2-BC52-43E6-96E7-0556B635F08C} = {FBBFA9E9-8E8D-4210-86F9-8A103CC7673F}
		{33CF0DF2-E709-4D4C-9518-7CE9D6CE1A60} = {FBBFA9E9-8E8D-4210-86F9-8A103CC7673F}
		{20BA5D18-80E8-43D1-A4CE-6437DEE048E6} = {4374D1C9-8390-4EF8-97C5-15A6E933F6C2}
		{0EC91812-F608-42CF-BE88-205BA0613BD1} = {4EC59567-1C72-4003-8F1A-BE4A417E28AE}
		{81473BD2-4BE2-4EA1-BA67-8128A2D36BA3} = {4EC59567-1C72-4003-8F1A-BE4A417E28AE}
	EndGlobalSection
	GlobalSection(ExtensibilityGlobals) = postSolution
		SolutionGuid = {94CFE5AC-DC3D-41C2-8299-B53AA9CD59C9}
	EndGlobalSection
EndGlobal
